
Microsoft Visual Studio Solution File, Format Version 12.00
# Visual Studio Version 17
VisualStudioVersion = 17.2.32526.322
MinimumVisualStudioVersion = 10.0.40219.1
Project("{FAE04EC0-301F-11D3-BF4B-00C04F79EFBC}") = "SourceKill V1.5", "SourceKill V1.5.csproj", "{C8EE7379-8859-40F9-AA93-894D9186319E}"
EndProject
Global
	GlobalSection(SolutionConfigurationPlatforms) = preSolution
		Debug|Any CPU = Debug|Any CPU
		Release|Any CPU = Release|Any CPU
	EndGlobalSection
	GlobalSection(ProjectConfigurationPlatforms) = postSolution
		{C8EE7379-8859-40F9-AA93-894D9186319E}.Debug|Any CPU.ActiveCfg = Debug|Any CPU
		{C8EE7379-8859-40F9-AA93-894D9186319E}.Debug|Any CPU.Build.0 = Debug|Any CPU
		{C8EE7379-8859-40F9-AA93-894D9186319E}.Release|Any CPU.ActiveCfg = Release|Any CPU
		{C8EE7379-8859-40F9-AA93-894D9186319E}.Release|Any CPU.Build.0 = Release|Any CPU
	EndGlobalSection
	GlobalSection(SolutionProperties) = preSolution
		HideSolutionNode = FALSE
	EndGlobalSection
	GlobalSection(ExtensibilityGlobals) = postSolution
		SolutionGuid = {C9B6ACA9-B6A2-4345-AEA6-F909502FB171}
	EndGlobalSection
EndGlobal
